{
	"name": "cc-plugin-protobufjs",
	"version": "0.0.1",
	"lockfileVersion": 2,
	"requires": true,
	"packages": {
		"": {
			"name": "cc-plugin-protobufjs",
			"version": "0.0.1",
			"dependencies": {
				"cjson": "^0.5.0",
				"fs-extra": "^11.1.1"
			},
			"devDependencies": {
				"@types/cjson": "^0.5.3",
				"@types/fs-extra": "^11.0.1",
				"@types/node": "^17.0.31"
			}
		},
		"node_modules/@types/cjson": {
			"version": "0.5.3",
			"resolved": "https://registry.npmjs.org/@types/cjson/-/cjson-0.5.3.tgz",
			"integrity": "sha512-Ss4wwGCnuMlqxbfEWMv4DZKZBFWHpmiarzX4yrioVVMJ53LNmnbi1f2rcXQpquxJqQ/j05W4FtuZJQjgpWLhOA==",
			"dev": true
		},
		"node_modules/@types/fs-extra": {
			"version": "11.0.1",
			"resolved": "https://registry.npmjs.org/@types/fs-extra/-/fs-extra-11.0.1.tgz",
			"integrity": "sha512-MxObHvNl4A69ofaTRU8DFqvgzzv8s9yRtaPPm5gud9HDNvpB3GPQFvNuTWAI59B9huVGV5jXYJwbCsmBsOGYWA==",
			"dev": true,
			"dependencies": {
				"@types/jsonfile": "*",
				"@types/node": "*"
			}
		},
		"node_modules/@types/jsonfile": {
			"version": "6.1.1",
			"resolved": "https://registry.npmjs.org/@types/jsonfile/-/jsonfile-6.1.1.tgz",
			"integrity": "sha512-GSgiRCVeapDN+3pqA35IkQwasaCh/0YFH5dEF6S88iDvEn901DjOeH3/QPY+XYP1DFzDZPvIvfeEgk+7br5png==",
			"dev": true,
			"dependencies": {
				"@types/node": "*"
			}
		},
		"node_modules/@types/node": {
			"version": "17.0.35",
			"resolved": "https://registry.npmjs.org/@types/node/-/node-17.0.35.tgz",
			"integrity": "sha512-vu1SrqBjbbZ3J6vwY17jBs8Sr/BKA+/a/WtjRG+whKg1iuLFOosq872EXS0eXWILdO36DHQQeku/ZcL6hz2fpg==",
			"dev": true
		},
		"node_modules/cjson": {
			"version": "0.5.0",
			"resolved": "https://registry.npmjs.org/cjson/-/cjson-0.5.0.tgz",
			"integrity": "sha512-D3CKJU9YnZNyerUQ1IzNUvMnToP3MGC2XbIAPi/7yqunJJW3rBwCVapousoFtaR9IbejeEM0KIshxC1n4HQcXw==",
			"dependencies": {
				"json-parse-helpfulerror": "^1.0.3"
			},
			"engines": {
				"node": ">= 0.3.0"
			}
		},
		"node_modules/fs-extra": {
			"version": "11.1.1",
			"resolved": "https://registry.npmjs.org/fs-extra/-/fs-extra-11.1.1.tgz",
			"integrity": "sha512-MGIE4HOvQCeUCzmlHs0vXpih4ysz4wg9qiSAu6cd42lVwPbTM1TjV7RusoyQqMmk/95gdQZX72u+YW+c3eEpFQ==",
			"dependencies": {
				"graceful-fs": "^4.2.0",
				"jsonfile": "^6.0.1",
				"universalify": "^2.0.0"
			},
			"engines": {
				"node": ">=14.14"
			}
		},
		"node_modules/graceful-fs": {
			"version": "4.2.11",
			"resolved": "https://registry.npmjs.org/graceful-fs/-/graceful-fs-4.2.11.tgz",
			"integrity": "sha512-RbJ5/jmFcNNCcDV5o9eTnBLJ/HszWV0P73bc+Ff4nS/rJj+YaS6IGyiOL0VoBYX+l1Wrl3k63h/KrH+nhJ0XvQ=="
		},
		"node_modules/jju": {
			"version": "1.4.0",
			"resolved": "https://registry.npmjs.org/jju/-/jju-1.4.0.tgz",
			"integrity": "sha512-8wb9Yw966OSxApiCt0K3yNJL8pnNeIv+OEq2YMidz4FKP6nonSRoOXc80iXY4JaN2FC11B9qsNmDsm+ZOfMROA=="
		},
		"node_modules/json-parse-helpfulerror": {
			"version": "1.0.3",
			"resolved": "https://registry.npmjs.org/json-parse-helpfulerror/-/json-parse-helpfulerror-1.0.3.tgz",
			"integrity": "sha512-XgP0FGR77+QhUxjXkwOMkC94k3WtqEBfcnjWqhRd82qTat4SWKRE+9kUnynz/shm3I4ea2+qISvTIeGTNU7kJg==",
			"dependencies": {
				"jju": "^1.1.0"
			}
		},
		"node_modules/jsonfile": {
			"version": "6.1.0",
			"resolved": "https://registry.npmjs.org/jsonfile/-/jsonfile-6.1.0.tgz",
			"integrity": "sha512-5dgndWOriYSm5cnYaJNhalLNDKOqFwyDB/rr1E9ZsGciGvKPs8R2xYGCacuf3z6K1YKDz182fd+fY3cn3pMqXQ==",
			"dependencies": {
				"universalify": "^2.0.0"
			},
			"optionalDependencies": {
				"graceful-fs": "^4.1.6"
			}
		},
		"node_modules/universalify": {
			"version": "2.0.0",
			"resolved": "https://registry.npmjs.org/universalify/-/universalify-2.0.0.tgz",
			"integrity": "sha512-hAZsKq7Yy11Zu1DE0OzWjw7nnLZmJZYTDZZyEFHZdUhV8FkH5MCfoU1XMaxXovpyW5nq5scPqq0ZDP9Zyl04oQ==",
			"engines": {
				"node": ">= 10.0.0"
			}
		}
	},
	"dependencies": {
		"@types/cjson": {
			"version": "0.5.3",
			"resolved": "https://registry.npmjs.org/@types/cjson/-/cjson-0.5.3.tgz",
			"integrity": "sha512-Ss4wwGCnuMlqxbfEWMv4DZKZBFWHpmiarzX4yrioVVMJ53LNmnbi1f2rcXQpquxJqQ/j05W4FtuZJQjgpWLhOA==",
			"dev": true
		},
		"@types/fs-extra": {
			"version": "11.0.1",
			"resolved": "https://registry.npmjs.org/@types/fs-extra/-/fs-extra-11.0.1.tgz",
			"integrity": "sha512-MxObHvNl4A69ofaTRU8DFqvgzzv8s9yRtaPPm5gud9HDNvpB3GPQFvNuTWAI59B9huVGV5jXYJwbCsmBsOGYWA==",
			"dev": true,
			"requires": {
				"@types/jsonfile": "*",
				"@types/node": "*"
			}
		},
		"@types/jsonfile": {
			"version": "6.1.1",
			"resolved": "https://registry.npmjs.org/@types/jsonfile/-/jsonfile-6.1.1.tgz",
			"integrity": "sha512-GSgiRCVeapDN+3pqA35IkQwasaCh/0YFH5dEF6S88iDvEn901DjOeH3/QPY+XYP1DFzDZPvIvfeEgk+7br5png==",
			"dev": true,
			"requires": {
				"@types/node": "*"
			}
		},
		"@types/node": {
			"version": "17.0.35",
			"resolved": "https://registry.npmjs.org/@types/node/-/node-17.0.35.tgz",
			"integrity": "sha512-vu1SrqBjbbZ3J6vwY17jBs8Sr/BKA+/a/WtjRG+whKg1iuLFOosq872EXS0eXWILdO36DHQQeku/ZcL6hz2fpg==",
			"dev": true
		},
		"cjson": {
			"version": "0.5.0",
			"resolved": "https://registry.npmjs.org/cjson/-/cjson-0.5.0.tgz",
			"integrity": "sha512-D3CKJU9YnZNyerUQ1IzNUvMnToP3MGC2XbIAPi/7yqunJJW3rBwCVapousoFtaR9IbejeEM0KIshxC1n4HQcXw==",
			"requires": {
				"json-parse-helpfulerror": "^1.0.3"
			}
		},
		"fs-extra": {
			"version": "11.1.1",
			"resolved": "https://registry.npmjs.org/fs-extra/-/fs-extra-11.1.1.tgz",
			"integrity": "sha512-MGIE4HOvQCeUCzmlHs0vXpih4ysz4wg9qiSAu6cd42lVwPbTM1TjV7RusoyQqMmk/95gdQZX72u+YW+c3eEpFQ==",
			"requires": {
				"graceful-fs": "^4.2.0",
				"jsonfile": "^6.0.1",
				"universalify": "^2.0.0"
			}
		},
		"graceful-fs": {
			"version": "4.2.11",
			"resolved": "https://registry.npmjs.org/graceful-fs/-/graceful-fs-4.2.11.tgz",
			"integrity": "sha512-RbJ5/jmFcNNCcDV5o9eTnBLJ/HszWV0P73bc+Ff4nS/rJj+YaS6IGyiOL0VoBYX+l1Wrl3k63h/KrH+nhJ0XvQ=="
		},
		"jju": {
			"version": "1.4.0",
			"resolved": "https://registry.npmjs.org/jju/-/jju-1.4.0.tgz",
			"integrity": "sha512-8wb9Yw966OSxApiCt0K3yNJL8pnNeIv+OEq2YMidz4FKP6nonSRoOXc80iXY4JaN2FC11B9qsNmDsm+ZOfMROA=="
		},
		"json-parse-helpfulerror": {
			"version": "1.0.3",
			"resolved": "https://registry.npmjs.org/json-parse-helpfulerror/-/json-parse-helpfulerror-1.0.3.tgz",
			"integrity": "sha512-XgP0FGR77+QhUxjXkwOMkC94k3WtqEBfcnjWqhRd82qTat4SWKRE+9kUnynz/shm3I4ea2+qISvTIeGTNU7kJg==",
			"requires": {
				"jju": "^1.1.0"
			}
		},
		"jsonfile": {
			"version": "6.1.0",
			"resolved": "https://registry.npmjs.org/jsonfile/-/jsonfile-6.1.0.tgz",
			"integrity": "sha512-5dgndWOriYSm5cnYaJNhalLNDKOqFwyDB/rr1E9ZsGciGvKPs8R2xYGCacuf3z6K1YKDz182fd+fY3cn3pMqXQ==",
			"requires": {
				"graceful-fs": "^4.1.6",
				"universalify": "^2.0.0"
			}
		},
		"universalify": {
			"version": "2.0.0",
			"resolved": "https://registry.npmjs.org/universalify/-/universalify-2.0.0.tgz",
			"integrity": "sha512-hAZsKq7Yy11Zu1DE0OzWjw7nnLZmJZYTDZZyEFHZdUhV8FkH5MCfoU1XMaxXovpyW5nq5scPqq0ZDP9Zyl04oQ=="
		}
	}
}
